{
  "nodes": {
    "dbus-systemd-dispatcher": {
      "inputs": {
        "nixpkgs": [
          "sleep",
          "nixpkgs"
        ]
      },
      "locked": {
        "lastModified": 1770671779,
        "narHash": "sha256-pLx5/14rrDbbzp3NHDloSeRveKefLvmn8nXP4x1WvQE=",
        "owner": "Severin-Nitsche",
        "repo": "dbus-systemd-dispatcher",
        "rev": "7f361ca56761d898c5c26b9429470be09e8562c2",
        "type": "github"
      },
      "original": {
        "owner": "Severin-Nitsche",
        "repo": "dbus-systemd-dispatcher",
        "type": "github"
      }
    },
    "dbus-wait": {
      "inputs": {
        "nixpkgs": [
          "sleep",
          "nixpkgs"
        ]
      },
      "locked": {
        "lastModified": 1770734705,
        "narHash": "sha256-MZOMQms+X3rdZD0xWmt3b/KOjpesHZZs2vJFqRNhasc=",
        "owner": "Severin-Nitsche",
        "repo": "dbus-wait",
        "rev": "bd3da2948d9ff10d350a6df12f370560a1de783a",
        "type": "github"
      },
      "original": {
        "owner": "Severin-Nitsche",
        "repo": "dbus-wait",
        "type": "github"
      }
    },
    "dotfiles": {
      "flake": false,
      "locked": {
        "lastModified": 1778154635,
        "narHash": "sha256-RWOUSu2XDwD+dVV8WBXnccbJaUZBOr3t6IEkty+AGBc=",
        "ref": "refs/heads/master",
        "rev": "a0846fef59ae72c4dcc3b872bd5c0cb3cff4e837",
        "revCount": 38,
        "type": "git",
        "url": "ssh://git@github.com/TheodosiusVelco/Dotfiles.git"
      },
      "original": {
        "type": "git",
        "url": "ssh://git@github.com/TheodosiusVelco/Dotfiles.git"
      }
    },
    "home-impermanence": {
      "locked": {
        "lastModified": 1737831083,
        "narHash": "sha256-LJggUHbpyeDvNagTUrdhe/pRVp4pnS6wVKALS782gRI=",
        "owner": "nix-community",
        "repo": "impermanence",
        "rev": "4b3e914cdf97a5b536a889e939fb2fd2b043a170",
        "type": "github"
      },
      "original": {
        "owner": "nix-community",
        "repo": "impermanence",
        "rev": "4b3e914cdf97a5b536a889e939fb2fd2b043a170",
        "type": "github"
      }
    },
    "home-manager": {
      "inputs": {
        "nixpkgs": [
          "nixpkgs"
        ]
      },
      "locked": {
        "lastModified": 1785531816,
        "narHash": "sha256-vkMnV0JIyw+g/NmcfoajlGaAO+9a0ezia+FZohQJrik=",
        "owner": "nix-community",
        "repo": "home-manager",
        "rev": "bf9ce9fec78f95f374e8dd3b503863a3ec128ebe",
        "type": "github"
      },
      "original": {
        "owner": "nix-community",
        "repo": "home-manager",
        "type": "github"
      }
    },
    "impermanence": {
      "inputs": {
        "home-manager": [],
        "nixpkgs": []
      },
      "locked": {
        "lastModified": 1769548169,
        "narHash": "sha256-03+JxvzmfwRu+5JafM0DLbxgHttOQZkUtDWBmeUkN8Y=",
        "owner": "nix-community",
        "repo": "impermanence",
        "rev": "7b1d382faf603b6d264f58627330f9faa5cba149",
        "type": "github"
      },
      "original": {
        "owner": "nix-community",
        "repo": "impermanence",
        "type": "github"
      }
    },
    "jvim": {
      "inputs": {
        "dotfiles": "dotfiles"
      },
      "locked": {
        "path": "./modules/jvim",
        "type": "path"
      },
      "original": {
        "path": "./modules/jvim",
        "type": "path"
      },
      "parent": []
    },
    "lucide": {
      "inputs": {
        "lucide": "lucide_2"
      },
      "locked": {
        "path": "./modules/lucide",
        "type": "path"
      },
      "original": {
        "path": "./modules/lucide",
        "type": "path"
      },
      "parent": []
    },
    "lucide_2": {
      "flake": false,
      "locked": {
        "lastModified": 1785499781,
        "narHash": "sha256-CWnfssDhgyJB6b2vbuiJeFzGg/MOzf0BD9cE6ZrJEo8=",
        "owner": "lucide-icons",
        "repo": "lucide",
        "rev": "6d1fc51b9a3c1cdd6f606ffe0ba8ea6b70b814bb",
        "type": "github"
      },
      "original": {
        "owner": "lucide-icons",
        "repo": "lucide",
        "type": "github"
      }
    },
    "nixos-hardware": {
      "inputs": {
        "nixpkgs": [
          "nixpkgs"
        ]
      },
      "locked": {
        "lastModified": 1785232496,
        "narHash": "sha256-65EQYIRRpTdpH8lUiB6Mvo5uBkG60aBIzAJuALfx+O0=",
        "owner": "NixOS",
        "repo": "nixos-hardware",
        "rev": "2e790b0a6be8ec2b76174ac0931b8ff11919ec98",
        "type": "github"
      },
      "original": {
        "owner": "NixOS",
        "repo": "nixos-hardware",
        "type": "github"
      }
    },
    "nixpkgs": {
      "locked": {
        "lastModified": 1785571196,
        "narHash": "sha256-KoTsyMQqnXQZq8deCEnu4QkyldkwH/bpMMhUcfMdGIw=",
        "owner": "nixos",
        "repo": "nixpkgs",
        "rev": "148bab9c1c3c53136ecb44a6ea356a0ed5b39b06",
        "type": "github"
      },
      "original": {
        "owner": "nixos",
        "ref": "nixos-unstable",
        "repo": "nixpkgs",
        "type": "github"
      }
    },
    "quickshell": {
      "inputs": {
        "nixpkgs": [
          "nixpkgs"
        ]
      },
      "locked": {
        "lastModified": 1785134238,
        "narHash": "sha256-bv5gar+ZAXZCJH7UOv0eRFILKt5RKA/3px/XbVR98Cg=",
        "ref": "refs/heads/master",
        "rev": "43d4fa9e883cb03239b3d578c9c57070f4fbd281",
        "revCount": 834,
        "type": "git",
        "url": "https://git.outfoxxed.me/outfoxxed/quickshell"
      },
      "original": {
        "type": "git",
        "url": "https://git.outfoxxed.me/outfoxxed/quickshell"
      }
    },
    "root": {
      "inputs": {
        "home-impermanence": "home-impermanence",
        "home-manager": "home-manager",
        "impermanence": "impermanence",
        "jvim": "jvim",
        "lucide": "lucide",
        "nixos-hardware": "nixos-hardware",
        "nixpkgs": "nixpkgs",
        "quickshell": "quickshell",
        "sleep": "sleep"
      }
    },
    "sleep": {
      "inputs": {
        "dbus-systemd-dispatcher": "dbus-systemd-dispatcher",
        "dbus-wait": "dbus-wait",
        "nixpkgs": [
          "nixpkgs"
        ]
      },
      "locked": {
        "path": "./modules/sleep",
        "type": "path"
      },
      "original": {
        "path": "./modules/sleep",
        "type": "path"
      },
      "parent": []
    }
  },
  "root": "root",
  "version": 7
}
