{
  "nodes": {
    "dbus-systemd-dispatcher": {
      "inputs": {
        "nixpkgs": [
          "sleep",
          "nixpkgs"
        ]
      },
      "locked": {
        "lastModified": 1770671779,
        "narHash": "sha256-pLx5/14rrDbbzp3NHDloSeRveKefLvmn8nXP4x1WvQE=",
        "owner": "Severin-Nitsche",
        "repo": "dbus-systemd-dispatcher",
        "rev": "7f361ca56761d898c5c26b9429470be09e8562c2",
        "type": "github"
      },
      "original": {
        "owner": "Severin-Nitsche",
        "repo": "dbus-systemd-dispatcher",
        "type": "github"
      }
    },
    "dbus-wait": {
      "inputs": {
        "nixpkgs": [
          "sleep",
          "nixpkgs"
        ]
      },
      "locked": {
        "lastModified": 1770734705,
        "narHash": "sha256-MZOMQms+X3rdZD0xWmt3b/KOjpesHZZs2vJFqRNhasc=",
        "owner": "Severin-Nitsche",
        "repo": "dbus-wait",
        "rev": "bd3da2948d9ff10d350a6df12f370560a1de783a",
        "type": "github"
      },
      "original": {
        "owner": "Severin-Nitsche",
        "repo": "dbus-wait",
        "type": "github"
      }
    },
    "dotfiles": {
      "flake": false,
      "locked": {
        "lastModified": 1778154635,
        "narHash": "sha256-RWOUSu2XDwD+dVV8WBXnccbJaUZBOr3t6IEkty+AGBc=",
        "ref": "refs/heads/master",
        "rev": "a0846fef59ae72c4dcc3b872bd5c0cb3cff4e837",
        "revCount": 38,
        "type": "git",
        "url": "ssh://git@github.com/TheodosiusVelco/Dotfiles.git"
      },
      "original": {
        "type": "git",
        "url": "ssh://git@github.com/TheodosiusVelco/Dotfiles.git"
      }
    },
    "home-impermanence": {
      "locked": {
        "lastModified": 1737831083,
        "narHash": "sha256-LJggUHbpyeDvNagTUrdhe/pRVp4pnS6wVKALS782gRI=",
        "owner": "nix-community",
        "repo": "impermanence",
        "rev": "4b3e914cdf97a5b536a889e939fb2fd2b043a170",
        "type": "github"
      },
      "original": {
        "owner": "nix-community",
        "repo": "impermanence",
        "rev": "4b3e914cdf97a5b536a889e939fb2fd2b043a170",
        "type": "github"
      }
    },
    "home-manager": {
      "inputs": {
        "nixpkgs": [
          "nixpkgs"
        ]
      },
      "locked": {
        "lastModified": 1786031233,
        "narHash": "sha256-TIDlLTLI1/pB7IqgjzcKQjpODQsZE2oII4XGG9B6KjI=",
        "owner": "nix-community",
        "repo": "home-manager",
        "rev": "7834e82588860aaf780cec1366524456a70898d7",
        "type": "github"
      },
      "original": {
        "owner": "nix-community",
        "repo": "home-manager",
        "type": "github"
      }
    },
    "impermanence": {
      "inputs": {
        "home-manager": [],
        "nixpkgs": []
      },
      "locked": {
        "lastModified": 1769548169,
        "narHash": "sha256-03+JxvzmfwRu+5JafM0DLbxgHttOQZkUtDWBmeUkN8Y=",
        "owner": "nix-community",
        "repo": "impermanence",
        "rev": "7b1d382faf603b6d264f58627330f9faa5cba149",
        "type": "github"
      },
      "original": {
        "owner": "nix-community",
        "repo": "impermanence",
        "type": "github"
      }
    },
    "jvim": {
      "inputs": {
        "dotfiles": "dotfiles"
      },
      "locked": {
        "path": "./modules/jvim",
        "type": "path"
      },
      "original": {
        "path": "./modules/jvim",
        "type": "path"
      },
      "parent": []
    },
    "lucide": {
      "inputs": {
        "lucide": "lucide_2"
      },
      "locked": {
        "path": "./modules/lucide",
        "type": "path"
      },
      "original": {
        "path": "./modules/lucide",
        "type": "path"
      },
      "parent": []
    },
    "lucide_2": {
      "flake": false,
      "locked": {
        "lastModified": 1786088882,
        "narHash": "sha256-9ZRooUY3A1NXrOT3r4SdVAOZaxXR6aNgN4MOjjNcgb8=",
        "owner": "lucide-icons",
        "repo": "lucide",
        "rev": "232b1ea84bcd0ffd647e58daa9fc846adcf40393",
        "type": "github"
      },
      "original": {
        "owner": "lucide-icons",
        "repo": "lucide",
        "type": "github"
      }
    },
    "nixos-hardware": {
      "inputs": {
        "nixpkgs": [
          "nixpkgs"
        ]
      },
      "locked": {
        "lastModified": 1785232496,
        "narHash": "sha256-65EQYIRRpTdpH8lUiB6Mvo5uBkG60aBIzAJuALfx+O0=",
        "owner": "NixOS",
        "repo": "nixos-hardware",
        "rev": "2e790b0a6be8ec2b76174ac0931b8ff11919ec98",
        "type": "github"
      },
      "original": {
        "owner": "NixOS",
        "repo": "nixos-hardware",
        "type": "github"
      }
    },
    "nixpkgs": {
      "locked": {
        "lastModified": 1785967620,
        "narHash": "sha256-IItrdb7Puk05RqOBWZYFC5X6Wl1sJmCfh5MWVHw5iMM=",
        "owner": "nixos",
        "repo": "nixpkgs",
        "rev": "b7c2ada94fe99c15b0dbcf4d11fd7850b957a436",
        "type": "github"
      },
      "original": {
        "owner": "nixos",
        "ref": "nixos-unstable",
        "repo": "nixpkgs",
        "type": "github"
      }
    },
    "quickshell": {
      "inputs": {
        "nixpkgs": [
          "nixpkgs"
        ]
      },
      "locked": {
        "lastModified": 1785704021,
        "narHash": "sha256-eQtczKMAS4ItlB4pr1B3MqBZiyRVl2nkqNdtyRSQMa8=",
        "ref": "refs/heads/master",
        "rev": "28771c7c74b42e20afca0b1b63980cb46515537c",
        "revCount": 835,
        "type": "git",
        "url": "https://git.outfoxxed.me/outfoxxed/quickshell"
      },
      "original": {
        "type": "git",
        "url": "https://git.outfoxxed.me/outfoxxed/quickshell"
      }
    },
    "root": {
      "inputs": {
        "home-impermanence": "home-impermanence",
        "home-manager": "home-manager",
        "impermanence": "impermanence",
        "jvim": "jvim",
        "lucide": "lucide",
        "nixos-hardware": "nixos-hardware",
        "nixpkgs": "nixpkgs",
        "quickshell": "quickshell",
        "sleep": "sleep"
      }
    },
    "sleep": {
      "inputs": {
        "dbus-systemd-dispatcher": "dbus-systemd-dispatcher",
        "dbus-wait": "dbus-wait",
        "nixpkgs": [
          "nixpkgs"
        ]
      },
      "locked": {
        "path": "./modules/sleep",
        "type": "path"
      },
      "original": {
        "path": "./modules/sleep",
        "type": "path"
      },
      "parent": []
    }
  },
  "root": "root",
  "version": 7
}
